
Microsoft Visual Studio Solution File, Format Version 12.00
# Visual Studio Version 17
VisualStudioVersion = 17.14.36414.22
MinimumVisualStudioVersion = 10.0.40219.1
Project("{8BC9CEB8-8B4A-11D0-8D11-00A0C91BC942}") = "Core", "Core\Core.vcxproj", "{13676EE6-7066-47D7-B93D-CF55C405605E}"
EndProject
Project("{8BC9CEB8-8B4A-11D0-8D11-00A0C91BC942}") = "ConsoleSandbox", "ConsoleSandbox\ConsoleSandbox.vcxproj", "{42DC6092-8144-43B7-860E-3CDEDD3AFD90}"
EndProject
Project("{8BC9CEB8-8B4A-11D0-8D11-00A0C91BC942}") = "UnitTest", "UnitTest\UnitTest.vcxproj", "{1723FD3C-92BD-E27E-67A3-92BABFB90E1A}"
EndProject
Global
	GlobalSection(SolutionConfigurationPlatforms) = preSolution
		Debug|x64 = Debug|x64
		Release|x64 = Release|x64
	EndGlobalSection
	GlobalSection(ProjectConfigurationPlatforms) = postSolution
		{13676EE6-7066-47D7-B93D-CF55C405605E}.Debug|x64.ActiveCfg = Debug|x64
		{13676EE6-7066-47D7-B93D-CF55C405605E}.Debug|x64.Build.0 = Debug|x64
		{13676EE6-7066-47D7-B93D-CF55C405605E}.Release|x64.ActiveCfg = Release|x64
		{13676EE6-7066-47D7-B93D-CF55C405605E}.Release|x64.Build.0 = Release|x64
		{42DC6092-8144-43B7-860E-3CDEDD3AFD90}.Debug|x64.ActiveCfg = Debug|x64
		{42DC6092-8144-43B7-860E-3CDEDD3AFD90}.Debug|x64.Build.0 = Debug|x64
		{42DC6092-8144-43B7-860E-3CDEDD3AFD90}.Release|x64.ActiveCfg = Release|x64
		{42DC6092-8144-43B7-860E-3CDEDD3AFD90}.Release|x64.Build.0 = Release|x64
		{1723FD3C-92BD-E27E-67A3-92BABFB90E1A}.Debug|x64.ActiveCfg = Debug|x64
		{1723FD3C-92BD-E27E-67A3-92BABFB90E1A}.Debug|x64.Build.0 = Debug|x64
		{1723FD3C-92BD-E27E-67A3-92BABFB90E1A}.Release|x64.ActiveCfg = Release|x64
		{1723FD3C-92BD-E27E-67A3-92BABFB90E1A}.Release|x64.Build.0 = Release|x64
	EndGlobalSection
	GlobalSection(SolutionProperties) = preSolution
		HideSolutionNode = FALSE
	EndGlobalSection
	GlobalSection(ExtensibilityGlobals) = postSolution
		SolutionGuid = {E7932C63-FFAC-41AC-B78E-7B66A155B0A0}
	EndGlobalSection
EndGlobal
